
Microsoft Visual Studio Solution File, Format Version 12.00
# Visual Studio 15
VisualStudioVersion = 15.0.27130.2036
MinimumVisualStudioVersion = 10.0.40219.1
Project("{9A19103F-16F7-4668-BE54-9A1E7A4F7556}") = "PetCheckerFunction", "PetCheckerFunction\PetCheckerFunction.csproj", "{7DF9D983-D391-485B-A004-89E0C268CAA3}"
EndProject
Global
	GlobalSection(SolutionConfigurationPlatforms) = preSolution
		Debug|Any CPU = Debug|Any CPU
		Release|Any CPU = Release|Any CPU
	EndGlobalSection
	GlobalSection(ProjectConfigurationPlatforms) = postSolution
		{7DF9D983-D391-485B-A004-89E0C268CAA3}.Debug|Any CPU.ActiveCfg = Debug|Any CPU
		{7DF9D983-D391-485B-A004-89E0C268CAA3}.Debug|Any CPU.Build.0 = Debug|Any CPU
		{7DF9D983-D391-485B-A004-89E0C268CAA3}.Release|Any CPU.ActiveCfg = Release|Any CPU
		{7DF9D983-D391-485B-A004-89E0C268CAA3}.Release|Any CPU.Build.0 = Release|Any CPU
	EndGlobalSection
	GlobalSection(SolutionProperties) = preSolution
		HideSolutionNode = FALSE
	EndGlobalSection
	GlobalSection(ExtensibilityGlobals) = postSolution
		SolutionGuid = {72934599-039F-4D8B-985A-F77C809848AF}
	EndGlobalSection
EndGlobal
