
Microsoft Visual Studio Solution File, Format Version 12.00
# Visual Studio 15
VisualStudioVersion = 15.0.27130.2036
MinimumVisualStudioVersion = 10.0.40219.1
Project("{9A19103F-16F7-4668-BE54-9A1E7A4F7556}") = "PetCheckerFunction", "..\PetCheckerFunction\PetCheckerFunction.csproj", "{07FC349B-C5AB-4A52-8E2E-D4D9B2722F3B}"
EndProject
Global
	GlobalSection(SolutionConfigurationPlatforms) = preSolution
		Debug|Any CPU = Debug|Any CPU
		Release|Any CPU = Release|Any CPU
	EndGlobalSection
	GlobalSection(ProjectConfigurationPlatforms) = postSolution
		{07FC349B-C5AB-4A52-8E2E-D4D9B2722F3B}.Debug|Any CPU.ActiveCfg = Debug|Any CPU
		{07FC349B-C5AB-4A52-8E2E-D4D9B2722F3B}.Debug|Any CPU.Build.0 = Debug|Any CPU
		{07FC349B-C5AB-4A52-8E2E-D4D9B2722F3B}.Release|Any CPU.ActiveCfg = Release|Any CPU
		{07FC349B-C5AB-4A52-8E2E-D4D9B2722F3B}.Release|Any CPU.Build.0 = Release|Any CPU
	EndGlobalSection
	GlobalSection(SolutionProperties) = preSolution
		HideSolutionNode = FALSE
	EndGlobalSection
	GlobalSection(ExtensibilityGlobals) = postSolution
		SolutionGuid = {7EEF342C-D876-4C16-839A-6A9334E7D7C0}
	EndGlobalSection
EndGlobal
